
Microsoft Visual Studio Solution File, Format Version 12.00
# Visual Studio 15
VisualStudioVersion = 15.0.27703.2035
MinimumVisualStudioVersion = 10.0.40219.1
Project("{2150E333-8FDC-42A3-9474-1A3956D46DE8}") = "Day1", "Day1", "{BF88515E-8217-40FE-8476-D60C81748D82}"
EndProject
Project("{FAE04EC0-301F-11D3-BF4B-00C04F79EFBC}") = "GCNotifications", "GCNotifications\GCNotifications.csproj", "{6DDA9E13-55D6-4AFF-A832-0210FF01D792}"
EndProject
Project("{FAE04EC0-301F-11D3-BF4B-00C04F79EFBC}") = "WeakReferences", "WeakReferences\WeakReferences.csproj", "{50820561-1761-442C-98C0-D5793C83699F}"
EndProject
Project("{2150E333-8FDC-42A3-9474-1A3956D46DE8}") = "Day2", "Day2", "{B849C8AB-135D-4287-833D-61B786A36643}"
EndProject
Project("{FAE04EC0-301F-11D3-BF4B-00C04F79EFBC}") = "FileViewer", "FileViewer\FileViewer.csproj", "{4D69E5FE-89CB-46BD-9542-167315A5B877}"
EndProject
Project("{FAE04EC0-301F-11D3-BF4B-00C04F79EFBC}") = "SerializationDemo", "SerializationDemo\SerializationDemo.csproj", "{03FFBFC9-A0C2-4BFC-9F52-FEDE356ED144}"
EndProject
Project("{FAE04EC0-301F-11D3-BF4B-00C04F79EFBC}") = "Streams", "Streams\Streams.csproj", "{43F5C6D3-ECD8-435C-9C62-7F8E729E7C33}"
EndProject
Project("{FAE04EC0-301F-11D3-BF4B-00C04F79EFBC}") = "NewsWebSite", "WebApplication4\NewsWebSite.csproj", "{359FEE4C-A886-4EB5-8E2F-B4E6BA62DD6C}"
EndProject
Project("{2150E333-8FDC-42A3-9474-1A3956D46DE8}") = "Day3", "Day3", "{002AD619-3CC6-49E9-8D3D-BCA9EC9A0EDA}"
EndProject
Project("{FAE04EC0-301F-11D3-BF4B-00C04F79EFBC}") = "SerializationTask", "SerializationTask\SerializationTask.csproj", "{BBEB5E56-5244-4D67-B29A-DE94CD196D0E}"
EndProject
Project("{FAE04EC0-301F-11D3-BF4B-00C04F79EFBC}") = "CustomSerializtion", "CustomSerializtion\CustomSerializtion.csproj", "{D53844C5-F4A7-436C-A3D6-2D39BA695E13}"
EndProject
Project("{FAE04EC0-301F-11D3-BF4B-00C04F79EFBC}") = "DemoAPM", "DemoAPM\DemoAPM.csproj", "{F6D6D8C3-2359-4335-BBE0-2575AE93EE74}"
EndProject
Project("{FAE04EC0-301F-11D3-BF4B-00C04F79EFBC}") = "DemoBG", "DemoBG\DemoBG.csproj", "{CCCADEF7-898D-4E5F-A784-7F1F74294A4F}"
EndProject
Global
	GlobalSection(SolutionConfigurationPlatforms) = preSolution
		Debug|Any CPU = Debug|Any CPU
		Release|Any CPU = Release|Any CPU
	EndGlobalSection
	GlobalSection(ProjectConfigurationPlatforms) = postSolution
		{6DDA9E13-55D6-4AFF-A832-0210FF01D792}.Debug|Any CPU.ActiveCfg = Debug|Any CPU
		{6DDA9E13-55D6-4AFF-A832-0210FF01D792}.Debug|Any CPU.Build.0 = Debug|Any CPU
		{6DDA9E13-55D6-4AFF-A832-0210FF01D792}.Release|Any CPU.ActiveCfg = Release|Any CPU
		{6DDA9E13-55D6-4AFF-A832-0210FF01D792}.Release|Any CPU.Build.0 = Release|Any CPU
		{50820561-1761-442C-98C0-D5793C83699F}.Debug|Any CPU.ActiveCfg = Debug|Any CPU
		{50820561-1761-442C-98C0-D5793C83699F}.Debug|Any CPU.Build.0 = Debug|Any CPU
		{50820561-1761-442C-98C0-D5793C83699F}.Release|Any CPU.ActiveCfg = Release|Any CPU
		{50820561-1761-442C-98C0-D5793C83699F}.Release|Any CPU.Build.0 = Release|Any CPU
		{4D69E5FE-89CB-46BD-9542-167315A5B877}.Debug|Any CPU.ActiveCfg = Debug|Any CPU
		{4D69E5FE-89CB-46BD-9542-167315A5B877}.Debug|Any CPU.Build.0 = Debug|Any CPU
		{4D69E5FE-89CB-46BD-9542-167315A5B877}.Release|Any CPU.ActiveCfg = Release|Any CPU
		{4D69E5FE-89CB-46BD-9542-167315A5B877}.Release|Any CPU.Build.0 = Release|Any CPU
		{03FFBFC9-A0C2-4BFC-9F52-FEDE356ED144}.Debug|Any CPU.ActiveCfg = Debug|Any CPU
		{03FFBFC9-A0C2-4BFC-9F52-FEDE356ED144}.Debug|Any CPU.Build.0 = Debug|Any CPU
		{03FFBFC9-A0C2-4BFC-9F52-FEDE356ED144}.Release|Any CPU.ActiveCfg = Release|Any CPU
		{03FFBFC9-A0C2-4BFC-9F52-FEDE356ED144}.Release|Any CPU.Build.0 = Release|Any CPU
		{43F5C6D3-ECD8-435C-9C62-7F8E729E7C33}.Debug|Any CPU.ActiveCfg = Debug|Any CPU
		{43F5C6D3-ECD8-435C-9C62-7F8E729E7C33}.Debug|Any CPU.Build.0 = Debug|Any CPU
		{43F5C6D3-ECD8-435C-9C62-7F8E729E7C33}.Release|Any CPU.ActiveCfg = Release|Any CPU
		{43F5C6D3-ECD8-435C-9C62-7F8E729E7C33}.Release|Any CPU.Build.0 = Release|Any CPU
		{359FEE4C-A886-4EB5-8E2F-B4E6BA62DD6C}.Debug|Any CPU.ActiveCfg = Debug|Any CPU
		{359FEE4C-A886-4EB5-8E2F-B4E6BA62DD6C}.Debug|Any CPU.Build.0 = Debug|Any CPU
		{359FEE4C-A886-4EB5-8E2F-B4E6BA62DD6C}.Release|Any CPU.ActiveCfg = Release|Any CPU
		{359FEE4C-A886-4EB5-8E2F-B4E6BA62DD6C}.Release|Any CPU.Build.0 = Release|Any CPU
		{BBEB5E56-5244-4D67-B29A-DE94CD196D0E}.Debug|Any CPU.ActiveCfg = Debug|Any CPU
		{BBEB5E56-5244-4D67-B29A-DE94CD196D0E}.Debug|Any CPU.Build.0 = Debug|Any CPU
		{BBEB5E56-5244-4D67-B29A-DE94CD196D0E}.Release|Any CPU.ActiveCfg = Release|Any CPU
		{BBEB5E56-5244-4D67-B29A-DE94CD196D0E}.Release|Any CPU.Build.0 = Release|Any CPU
		{D53844C5-F4A7-436C-A3D6-2D39BA695E13}.Debug|Any CPU.ActiveCfg = Debug|Any CPU
		{D53844C5-F4A7-436C-A3D6-2D39BA695E13}.Debug|Any CPU.Build.0 = Debug|Any CPU
		{D53844C5-F4A7-436C-A3D6-2D39BA695E13}.Release|Any CPU.ActiveCfg = Release|Any CPU
		{D53844C5-F4A7-436C-A3D6-2D39BA695E13}.Release|Any CPU.Build.0 = Release|Any CPU
		{F6D6D8C3-2359-4335-BBE0-2575AE93EE74}.Debug|Any CPU.ActiveCfg = Debug|Any CPU
		{F6D6D8C3-2359-4335-BBE0-2575AE93EE74}.Debug|Any CPU.Build.0 = Debug|Any CPU
		{F6D6D8C3-2359-4335-BBE0-2575AE93EE74}.Release|Any CPU.ActiveCfg = Release|Any CPU
		{F6D6D8C3-2359-4335-BBE0-2575AE93EE74}.Release|Any CPU.Build.0 = Release|Any CPU
		{CCCADEF7-898D-4E5F-A784-7F1F74294A4F}.Debug|Any CPU.ActiveCfg = Debug|Any CPU
		{CCCADEF7-898D-4E5F-A784-7F1F74294A4F}.Debug|Any CPU.Build.0 = Debug|Any CPU
		{CCCADEF7-898D-4E5F-A784-7F1F74294A4F}.Release|Any CPU.ActiveCfg = Release|Any CPU
		{CCCADEF7-898D-4E5F-A784-7F1F74294A4F}.Release|Any CPU.Build.0 = Release|Any CPU
	EndGlobalSection
	GlobalSection(SolutionProperties) = preSolution
		HideSolutionNode = FALSE
	EndGlobalSection
	GlobalSection(NestedProjects) = preSolution
		{6DDA9E13-55D6-4AFF-A832-0210FF01D792} = {BF88515E-8217-40FE-8476-D60C81748D82}
		{50820561-1761-442C-98C0-D5793C83699F} = {BF88515E-8217-40FE-8476-D60C81748D82}
		{4D69E5FE-89CB-46BD-9542-167315A5B877} = {B849C8AB-135D-4287-833D-61B786A36643}
		{03FFBFC9-A0C2-4BFC-9F52-FEDE356ED144} = {B849C8AB-135D-4287-833D-61B786A36643}
		{43F5C6D3-ECD8-435C-9C62-7F8E729E7C33} = {B849C8AB-135D-4287-833D-61B786A36643}
		{359FEE4C-A886-4EB5-8E2F-B4E6BA62DD6C} = {B849C8AB-135D-4287-833D-61B786A36643}
		{BBEB5E56-5244-4D67-B29A-DE94CD196D0E} = {002AD619-3CC6-49E9-8D3D-BCA9EC9A0EDA}
		{D53844C5-F4A7-436C-A3D6-2D39BA695E13} = {002AD619-3CC6-49E9-8D3D-BCA9EC9A0EDA}
		{F6D6D8C3-2359-4335-BBE0-2575AE93EE74} = {002AD619-3CC6-49E9-8D3D-BCA9EC9A0EDA}
		{CCCADEF7-898D-4E5F-A784-7F1F74294A4F} = {002AD619-3CC6-49E9-8D3D-BCA9EC9A0EDA}
	EndGlobalSection
	GlobalSection(ExtensibilityGlobals) = postSolution
		SolutionGuid = {D271FC2F-7B6B-4AC7-A6D1-F20725381635}
	EndGlobalSection
EndGlobal
